{
  "name": "@criticalcarpet/node-logger",
  "version": "0.0.1",
  "lockfileVersion": 2,
  "requires": true,
  "packages": {
    "": {
      "name": "@criticalcarpet/node-logger",
      "version": "0.0.1",
      "license": "MIT",
      "dependencies": {
        "colors": "^1.4.0",
        "date-fns": "^2.28.0",
        "supports-color": "^9.2.1"
      }
    },
    "node_modules/colors": {
      "version": "1.4.0",
      "resolved": "https://registry.npmjs.org/colors/-/colors-1.4.0.tgz",
      "integrity": "sha512-a+UqTh4kgZg/SlGvfbzDHpgRu7AAQOmmqRHJnxhRZICKFUT91brVhNNt58CMWU9PsBbv3PDCZUHbVxuDiH2mtA==",
      "engines": {
        "node": ">=0.1.90"
      }
    },
    "node_modules/date-fns": {
      "version": "2.28.0",
      "resolved": "https://registry.npmjs.org/date-fns/-/date-fns-2.28.0.tgz",
      "integrity": "sha512-8d35hViGYx/QH0icHYCeLmsLmMUheMmTyV9Fcm6gvNwdw31yXXH+O85sOBJ+OLnLQMKZowvpKb6FgMIQjcpvQw==",
      "engines": {
        "node": ">=0.11"
      },
      "funding": {
        "type": "opencollective",
        "url": "https://opencollective.com/date-fns"
      }
    },
    "node_modules/supports-color": {
      "version": "9.2.1",
      "resolved": "https://registry.npmjs.org/supports-color/-/supports-color-9.2.1.tgz",
      "integrity": "sha512-Obv7ycoCTG51N7y175StI9BlAXrmgZrFhZOb0/PyjHBher/NmsdBgbbQ1Inhq+gIhz6+7Gb+jWF2Vqi7Mf1xnQ==",
      "engines": {
        "node": ">=12"
      },
      "funding": {
        "url": "https://github.com/chalk/supports-color?sponsor=1"
      }
    }
  },
  "dependencies": {
    "colors": {
      "version": "1.4.0",
      "resolved": "https://registry.npmjs.org/colors/-/colors-1.4.0.tgz",
      "integrity": "sha512-a+UqTh4kgZg/SlGvfbzDHpgRu7AAQOmmqRHJnxhRZICKFUT91brVhNNt58CMWU9PsBbv3PDCZUHbVxuDiH2mtA=="
    },
    "date-fns": {
      "version": "2.28.0",
      "resolved": "https://registry.npmjs.org/date-fns/-/date-fns-2.28.0.tgz",
      "integrity": "sha512-8d35hViGYx/QH0icHYCeLmsLmMUheMmTyV9Fcm6gvNwdw31yXXH+O85sOBJ+OLnLQMKZowvpKb6FgMIQjcpvQw=="
    },
    "supports-color": {
      "version": "9.2.1",
      "resolved": "https://registry.npmjs.org/supports-color/-/supports-color-9.2.1.tgz",
      "integrity": "sha512-Obv7ycoCTG51N7y175StI9BlAXrmgZrFhZOb0/PyjHBher/NmsdBgbbQ1Inhq+gIhz6+7Gb+jWF2Vqi7Mf1xnQ=="
    }
  }
}
